
Microsoft Visual Studio Solution File, Format Version 12.00
# Visual Studio 15
VisualStudioVersion = 15.0.28307.421
MinimumVisualStudioVersion = 10.0.40219.1
Project("{9A19103F-16F7-4668-BE54-9A1E7A4F7556}") = "NutritionalCalculator", "NutritionalCalculator\NutritionalCalculator.csproj", "{6BB8265F-7CA7-4C82-A862-A04592F5F632}"
EndProject
Project("{9A19103F-16F7-4668-BE54-9A1E7A4F7556}") = "NutritionalCalculator.Model", "NutritionalCalculator.Model\NutritionalCalculator.Model.csproj", "{7882DC42-27AD-413A-A216-EEB38F361A12}"
EndProject
Project("{FAE04EC0-301F-11D3-BF4B-00C04F79EFBC}") = "NutritionalCalculator.Unit.Test", "NutritionalCalculator.Unit.Test\NutritionalCalculator.Unit.Test.csproj", "{1C63343C-2DF6-48F2-BC78-9AD78C4F8857}"
EndProject
Global
	GlobalSection(SolutionConfigurationPlatforms) = preSolution
		Debug|Any CPU = Debug|Any CPU
		Release|Any CPU = Release|Any CPU
	EndGlobalSection
	GlobalSection(ProjectConfigurationPlatforms) = postSolution
		{6BB8265F-7CA7-4C82-A862-A04592F5F632}.Debug|Any CPU.ActiveCfg = Debug|Any CPU
		{6BB8265F-7CA7-4C82-A862-A04592F5F632}.Debug|Any CPU.Build.0 = Debug|Any CPU
		{6BB8265F-7CA7-4C82-A862-A04592F5F632}.Release|Any CPU.ActiveCfg = Release|Any CPU
		{6BB8265F-7CA7-4C82-A862-A04592F5F632}.Release|Any CPU.Build.0 = Release|Any CPU
		{7882DC42-27AD-413A-A216-EEB38F361A12}.Debug|Any CPU.ActiveCfg = Debug|Any CPU
		{7882DC42-27AD-413A-A216-EEB38F361A12}.Debug|Any CPU.Build.0 = Debug|Any CPU
		{7882DC42-27AD-413A-A216-EEB38F361A12}.Release|Any CPU.ActiveCfg = Release|Any CPU
		{7882DC42-27AD-413A-A216-EEB38F361A12}.Release|Any CPU.Build.0 = Release|Any CPU
		{1C63343C-2DF6-48F2-BC78-9AD78C4F8857}.Debug|Any CPU.ActiveCfg = Debug|Any CPU
		{1C63343C-2DF6-48F2-BC78-9AD78C4F8857}.Debug|Any CPU.Build.0 = Debug|Any CPU
		{1C63343C-2DF6-48F2-BC78-9AD78C4F8857}.Release|Any CPU.ActiveCfg = Release|Any CPU
		{1C63343C-2DF6-48F2-BC78-9AD78C4F8857}.Release|Any CPU.Build.0 = Release|Any CPU
	EndGlobalSection
	GlobalSection(SolutionProperties) = preSolution
		HideSolutionNode = FALSE
	EndGlobalSection
	GlobalSection(ExtensibilityGlobals) = postSolution
		SolutionGuid = {0B0F1F86-90A0-47B8-9DA8-7FEC686D1F03}
	EndGlobalSection
EndGlobal
